
Microsoft Visual Studio Solution File, Format Version 12.00
# Visual Studio Version 16
VisualStudioVersion = 16.0.32228.343
MinimumVisualStudioVersion = 10.0.40219.1
Project("{FAE04EC0-301F-11D3-BF4B-00C04F79EFBC}") = "Stacja1", "Stacja1\Stacja1.csproj", "{B9CAA5E0-9B64-4AB6-B4CF-338E93686B64}"
EndProject
Global
	GlobalSection(SolutionConfigurationPlatforms) = preSolution
		Debug|Any CPU = Debug|Any CPU
		Release|Any CPU = Release|Any CPU
	EndGlobalSection
	GlobalSection(ProjectConfigurationPlatforms) = postSolution
		{B9CAA5E0-9B64-4AB6-B4CF-338E93686B64}.Debug|Any CPU.ActiveCfg = Debug|Any CPU
		{B9CAA5E0-9B64-4AB6-B4CF-338E93686B64}.Debug|Any CPU.Build.0 = Debug|Any CPU
		{B9CAA5E0-9B64-4AB6-B4CF-338E93686B64}.Release|Any CPU.ActiveCfg = Release|Any CPU
		{B9CAA5E0-9B64-4AB6-B4CF-338E93686B64}.Release|Any CPU.Build.0 = Release|Any CPU
	EndGlobalSection
	GlobalSection(SolutionProperties) = preSolution
		HideSolutionNode = FALSE
	EndGlobalSection
	GlobalSection(ExtensibilityGlobals) = postSolution
		SolutionGuid = {65A5AD3E-DEDC-4278-A197-27D358C05E5C}
	EndGlobalSection
EndGlobal
